{
  "name": "pi-codex-tools",
  "version": "0.2.3",
  "lockfileVersion": 3,
  "requires": true,
  "packages": {
    "": {
      "name": "pi-codex-tools",
      "version": "0.2.3",
      "license": "Apache-2.0",
      "dependencies": {
        "@mocito/install-telemetry": "0.1.1",
        "node-gyp-build": "^4.8.4"
      },
      "engines": {
        "node": ">=20.6.0"
      }
    },
    "node_modules/@mocito/install-telemetry": {
      "version": "0.1.1",
      "resolved": "https://registry.npmjs.org/@mocito/install-telemetry/-/install-telemetry-0.1.1.tgz",
      "integrity": "sha512-ZbEqPmePZaudXZLMeoSfn0ifms5HB4PbTAoDIWU3ReqpaEIJlEDbosObg7ctBUBcm0KsSAe8pYIqT6LTCLKpww==",
      "license": "MIT",
      "engines": {
        "node": ">=20.6.0"
      }
    },
    "node_modules/node-gyp-build": {
      "version": "4.8.4",
      "resolved": "https://registry.npmjs.org/node-gyp-build/-/node-gyp-build-4.8.4.tgz",
      "integrity": "sha512-LA4ZjwlnUblHVgq0oBF3Jl/6h/Nvs5fzBLwdEF4nuxnFdsfajde4WfxtJr3CaiH+F6ewcIB/q4jQ4UzPyid+CQ==",
      "license": "MIT",
      "bin": {
        "node-gyp-build": "bin.js",
        "node-gyp-build-optional": "optional.js",
        "node-gyp-build-test": "build-test.js"
      }
    }
  }
}
